
Microsoft Visual Studio Solution File, Format Version 12.00
# Visual Studio 15
VisualStudioVersion = 15.0.26430.16
MinimumVisualStudioVersion = 10.0.40219.1
Project("{FAE04EC0-301F-11D3-BF4B-00C04F79EFBC}") = "AllTheThings", "AllTheThings\AllTheThings.csproj", "{438E3FEB-6C33-4C2E-A784-A65557B9C1D5}"
EndProject
Project("{2150E333-8FDC-42A3-9474-1A3956D46DE8}") = "Payload libraries", "Payload libraries", "{CA93D40C-5A0E-4B8B-B3E1-DA98AFD125FE}"
EndProject
Project("{FAE04EC0-301F-11D3-BF4B-00C04F79EFBC}") = "Library42", "Library42\Library42.csproj", "{ABDA8951-7E8D-477C-950C-2B34151C78E0}"
EndProject
Project("{FAE04EC0-301F-11D3-BF4B-00C04F79EFBC}") = "CrossSiteScriptingPayloadLibrary", "Payload libraries\CrossSiteScriptingPayloadLibrary\CrossSiteScriptingPayloadLibrary.csproj", "{7A0B5E9E-521D-492E-BFBF-C07940DFDB92}"
EndProject
Global
	GlobalSection(SolutionConfigurationPlatforms) = preSolution
		Debug|Any CPU = Debug|Any CPU
		Release|Any CPU = Release|Any CPU
	EndGlobalSection
	GlobalSection(ProjectConfigurationPlatforms) = postSolution
		{438E3FEB-6C33-4C2E-A784-A65557B9C1D5}.Debug|Any CPU.ActiveCfg = Debug|Any CPU
		{438E3FEB-6C33-4C2E-A784-A65557B9C1D5}.Debug|Any CPU.Build.0 = Debug|Any CPU
		{438E3FEB-6C33-4C2E-A784-A65557B9C1D5}.Release|Any CPU.ActiveCfg = Release|Any CPU
		{438E3FEB-6C33-4C2E-A784-A65557B9C1D5}.Release|Any CPU.Build.0 = Release|Any CPU
		{ABDA8951-7E8D-477C-950C-2B34151C78E0}.Debug|Any CPU.ActiveCfg = Debug|Any CPU
		{ABDA8951-7E8D-477C-950C-2B34151C78E0}.Debug|Any CPU.Build.0 = Debug|Any CPU
		{ABDA8951-7E8D-477C-950C-2B34151C78E0}.Release|Any CPU.ActiveCfg = Release|Any CPU
		{ABDA8951-7E8D-477C-950C-2B34151C78E0}.Release|Any CPU.Build.0 = Release|Any CPU
		{7A0B5E9E-521D-492E-BFBF-C07940DFDB92}.Debug|Any CPU.ActiveCfg = Debug|Any CPU
		{7A0B5E9E-521D-492E-BFBF-C07940DFDB92}.Debug|Any CPU.Build.0 = Debug|Any CPU
		{7A0B5E9E-521D-492E-BFBF-C07940DFDB92}.Release|Any CPU.ActiveCfg = Release|Any CPU
		{7A0B5E9E-521D-492E-BFBF-C07940DFDB92}.Release|Any CPU.Build.0 = Release|Any CPU
	EndGlobalSection
	GlobalSection(SolutionProperties) = preSolution
		HideSolutionNode = FALSE
	EndGlobalSection
	GlobalSection(NestedProjects) = preSolution
		{7A0B5E9E-521D-492E-BFBF-C07940DFDB92} = {CA93D40C-5A0E-4B8B-B3E1-DA98AFD125FE}
	EndGlobalSection
EndGlobal
