
Microsoft Visual Studio Solution File, Format Version 12.00
# Visual Studio 15
VisualStudioVersion = 15.0.26430.13
MinimumVisualStudioVersion = 10.0.40219.1
Project("{FAE04EC0-301F-11D3-BF4B-00C04F79EFBC}") = "AllTheThings", "AllTheThings\AllTheThings.csproj", "{438E3FEB-6C33-4C2E-A784-A65557B9C1D5}"
EndProject
Project("{FAE04EC0-301F-11D3-BF4B-00C04F79EFBC}") = "XSSLib", "XSSLib\XSSLib.csproj", "{1A104EAB-6418-4088-8B57-9BE8816AAE63}"
EndProject
Global
	GlobalSection(SolutionConfigurationPlatforms) = preSolution
		Debug|Any CPU = Debug|Any CPU
		Release|Any CPU = Release|Any CPU
	EndGlobalSection
	GlobalSection(ProjectConfigurationPlatforms) = postSolution
		{438E3FEB-6C33-4C2E-A784-A65557B9C1D5}.Debug|Any CPU.ActiveCfg = Debug|Any CPU
		{438E3FEB-6C33-4C2E-A784-A65557B9C1D5}.Debug|Any CPU.Build.0 = Debug|Any CPU
		{438E3FEB-6C33-4C2E-A784-A65557B9C1D5}.Release|Any CPU.ActiveCfg = Release|Any CPU
		{438E3FEB-6C33-4C2E-A784-A65557B9C1D5}.Release|Any CPU.Build.0 = Release|Any CPU
		{1A104EAB-6418-4088-8B57-9BE8816AAE63}.Debug|Any CPU.ActiveCfg = Debug|Any CPU
		{1A104EAB-6418-4088-8B57-9BE8816AAE63}.Debug|Any CPU.Build.0 = Debug|Any CPU
		{1A104EAB-6418-4088-8B57-9BE8816AAE63}.Release|Any CPU.ActiveCfg = Release|Any CPU
		{1A104EAB-6418-4088-8B57-9BE8816AAE63}.Release|Any CPU.Build.0 = Release|Any CPU
	EndGlobalSection
	GlobalSection(SolutionProperties) = preSolution
		HideSolutionNode = FALSE
	EndGlobalSection
EndGlobal
